// !$*UTF8*$!
{
	archiveVersion = 1;
	classes = {
	};
	objectVersion = 50;
	objects = {

/* Begin PBXBuildFile section */
		06D065AF2332719A00CDFDA4 /* AppDelegate.swift in Sources */ = {isa = PBXBuildFile; fileRef = 06D065AE2332719A00CDFDA4 /* AppDelegate.swift */; };
		06D065B12332719A00CDFDA4 /* CFMainViewController.swift in Sources */ = {isa = PBXBuildFile; fileRef = 06D065B02332719A00CDFDA4 /* CFMainViewController.swift */; };
		06D065B42332719A00CDFDA4 /* Main.storyboard in Resources */ = {isa = PBXBuildFile; fileRef = 06D065B22332719A00CDFDA4 /* Main.storyboard */; };
		06D065B92332719B00CDFDA4 /* LaunchScreen.storyboard in Resources */ = {isa = PBXBuildFile; fileRef = 06D065B72332719B00CDFDA4 /* LaunchScreen.storyboard */; };
		06D065C42332719B00CDFDA4 /* CFTestTests.swift in Sources */ = {isa = PBXBuildFile; fileRef = 06D065C32332719B00CDFDA4 /* CFTestTests.swift */; };
		06D065CF2332719B00CDFDA4 /* CFTestUITests.swift in Sources */ = {isa = PBXBuildFile; fileRef = 06D065CE2332719B00CDFDA4 /* CFTestUITests.swift */; };
		06D065E423327F7100CDFDA4 /* CarDetailsTableViewCell.swift in Sources */ = {isa = PBXBuildFile; fileRef = 06D065E223327F7100CDFDA4 /* CarDetailsTableViewCell.swift */; };
		06D065E523327F7100CDFDA4 /* CarDetailsTableViewCell.xib in Resources */ = {isa = PBXBuildFile; fileRef = 06D065E323327F7100CDFDA4 /* CarDetailsTableViewCell.xib */; };
		06D065E7233284BB00CDFDA4 /* CFMainViewModel.swift in Sources */ = {isa = PBXBuildFile; fileRef = 06D065E6233284BB00CDFDA4 /* CFMainViewModel.swift */; };
		06D065EA233296D900CDFDA4 /* CFMainFlowDelegate.swift in Sources */ = {isa = PBXBuildFile; fileRef = 06D065E9233296D900CDFDA4 /* CFMainFlowDelegate.swift */; };
		06D065EC2332970200CDFDA4 /* CFMainViewPresentable.swift in Sources */ = {isa = PBXBuildFile; fileRef = 06D065EB2332970200CDFDA4 /* CFMainViewPresentable.swift */; };
		06D065EF23329C5800CDFDA4 /* CFBaseNetworkService.swift in Sources */ = {isa = PBXBuildFile; fileRef = 06D065EE23329C5800CDFDA4 /* CFBaseNetworkService.swift */; };
		06D065F12332ACAF00CDFDA4 /* CarDetails.swift in Sources */ = {isa = PBXBuildFile; fileRef = 06D065F02332ACAF00CDFDA4 /* CarDetails.swift */; };
		06D065F32332B24900CDFDA4 /* GetCarsListService.swift in Sources */ = {isa = PBXBuildFile; fileRef = 06D065F22332B24900CDFDA4 /* GetCarsListService.swift */; };
		06D065F52332B27300CDFDA4 /* CFServiceDispatcher.swift in Sources */ = {isa = PBXBuildFile; fileRef = 06D065F42332B27300CDFDA4 /* CFServiceDispatcher.swift */; };
		06D065FD2332B3D800CDFDA4 /* ArrayExtension.swift in Sources */ = {isa = PBXBuildFile; fileRef = 06D065FC2332B3D800CDFDA4 /* ArrayExtension.swift */; };
		06D065FF2332BAE900CDFDA4 /* CarDetailsTableViewCellViewModel.swift in Sources */ = {isa = PBXBuildFile; fileRef = 06D065FE2332BAE900CDFDA4 /* CarDetailsTableViewCellViewModel.swift */; };
		06D066012332BBFD00CDFDA4 /* AlertPresentable.swift in Sources */ = {isa = PBXBuildFile; fileRef = 06D066002332BBFD00CDFDA4 /* AlertPresentable.swift */; };
		06D066032332C45500CDFDA4 /* LoadingAnimationPresentable.swift in Sources */ = {isa = PBXBuildFile; fileRef = 06D066022332C45500CDFDA4 /* LoadingAnimationPresentable.swift */; };
		06D066052332E61800CDFDA4 /* StringExtension.swift in Sources */ = {isa = PBXBuildFile; fileRef = 06D066042332E61800CDFDA4 /* StringExtension.swift */; };
		06FE1A1C2332F1A1004EB082 /* CallPhoneNumberPresentable.swift in Sources */ = {isa = PBXBuildFile; fileRef = 06FE1A1B2332F1A1004EB082 /* CallPhoneNumberPresentable.swift */; };
		06FE1A1E23330105004EB082 /* Assets.xcassets in Resources */ = {isa = PBXBuildFile; fileRef = 06FE1A1D23330105004EB082 /* Assets.xcassets */; };
		5FE189791A9A9120FFE3083E /* Pods_CFTestUITests.framework in Frameworks */ = {isa = PBXBuildFile; fileRef = C0EAFA2C9CA49CA5EFF318F7 /* Pods_CFTestUITests.framework */; };
		7F1BDAF3294E15C676274174 /* Pods_CFTest.framework in Frameworks */ = {isa = PBXBuildFile; fileRef = C126D09178F24961A89CEFCB /* Pods_CFTest.framework */; };
		FB31A6DD3C54D55D2D4A20B8 /* Pods_CFTestTests.framework in Frameworks */ = {isa = PBXBuildFile; fileRef = 51460ACEE9424502B185E5AC /* Pods_CFTestTests.framework */; };
/* End PBXBuildFile section */

/* Begin PBXContainerItemProxy section */
		06D065C02332719B00CDFDA4 /* PBXContainerItemProxy */ = {
			isa = PBXContainerItemProxy;
			containerPortal = 06D065A32332719A00CDFDA4 /* Project object */;
			proxyType = 1;
			remoteGlobalIDString = 06D065AA2332719A00CDFDA4;
			remoteInfo = CFTest;
		};
		06D065CB2332719B00CDFDA4 /* PBXContainerItemProxy */ = {
			isa = PBXContainerItemProxy;
			containerPortal = 06D065A32332719A00CDFDA4 /* Project object */;
			proxyType = 1;
			remoteGlobalIDString = 06D065AA2332719A00CDFDA4;
			remoteInfo = CFTest;
		};
/* End PBXContainerItemProxy section */

/* Begin PBXFileReference section */
		06D065AB2332719A00CDFDA4 /* CFTest.app */ = {isa = PBXFileReference; explicitFileType = wrapper.application; includeInIndex = 0; path = CFTest.app; sourceTree = BUILT_PRODUCTS_DIR; };
		06D065AE2332719A00CDFDA4 /* AppDelegate.swift */ = {isa = PBXFileReference; lastKnownFileType = sourcecode.swift; path = AppDelegate.swift; sourceTree = "<group>"; };
		06D065B02332719A00CDFDA4 /* CFMainViewController.swift */ = {isa = PBXFileReference; lastKnownFileType = sourcecode.swift; path = CFMainViewController.swift; sourceTree = "<group>"; };
		06D065B32332719A00CDFDA4 /* Base */ = {isa = PBXFileReference; lastKnownFileType = file.storyboard; name = Base; path = Base.lproj/Main.storyboard; sourceTree = "<group>"; };
		06D065B82332719B00CDFDA4 /* Base */ = {isa = PBXFileReference; lastKnownFileType = file.storyboard; name = Base; path = Base.lproj/LaunchScreen.storyboard; sourceTree = "<group>"; };
		06D065BA2332719B00CDFDA4 /* Info.plist */ = {isa = PBXFileReference; lastKnownFileType = text.plist.xml; path = Info.plist; sourceTree = "<group>"; };
		06D065BF2332719B00CDFDA4 /* CFTestTests.xctest */ = {isa = PBXFileReference; explicitFileType = wrapper.cfbundle; includeInIndex = 0; path = CFTestTests.xctest; sourceTree = BUILT_PRODUCTS_DIR; };
		06D065C32332719B00CDFDA4 /* CFTestTests.swift */ = {isa = PBXFileReference; lastKnownFileType = sourcecode.swift; path = CFTestTests.swift; sourceTree = "<group>"; };
		06D065C52332719B00CDFDA4 /* Info.plist */ = {isa = PBXFileReference; lastKnownFileType = text.plist.xml; path = Info.plist; sourceTree = "<group>"; };
		06D065CA2332719B00CDFDA4 /* CFTestUITests.xctest */ = {isa = PBXFileReference; explicitFileType = wrapper.cfbundle; includeInIndex = 0; path = CFTestUITests.xctest; sourceTree = BUILT_PRODUCTS_DIR; };
		06D065CE2332719B00CDFDA4 /* CFTestUITests.swift */ = {isa = PBXFileReference; lastKnownFileType = sourcecode.swift; path = CFTestUITests.swift; sourceTree = "<group>"; };
		06D065D02332719B00CDFDA4 /* Info.plist */ = {isa = PBXFileReference; lastKnownFileType = text.plist.xml; path = Info.plist; sourceTree = "<group>"; };
		06D065E223327F7100CDFDA4 /* CarDetailsTableViewCell.swift */ = {isa = PBXFileReference; lastKnownFileType = sourcecode.swift; path = CarDetailsTableViewCell.swift; sourceTree = "<group>"; };
		06D065E323327F7100CDFDA4 /* CarDetailsTableViewCell.xib */ = {isa = PBXFileReference; lastKnownFileType = file.xib; path = CarDetailsTableViewCell.xib; sourceTree = "<group>"; };
		06D065E6233284BB00CDFDA4 /* CFMainViewModel.swift */ = {isa = PBXFileReference; lastKnownFileType = sourcecode.swift; path = CFMainViewModel.swift; sourceTree = "<group>"; };
		06D065E9233296D900CDFDA4 /* CFMainFlowDelegate.swift */ = {isa = PBXFileReference; lastKnownFileType = sourcecode.swift; path = CFMainFlowDelegate.swift; sourceTree = "<group>"; };
		06D065EB2332970200CDFDA4 /* CFMainViewPresentable.swift */ = {isa = PBXFileReference; lastKnownFileType = sourcecode.swift; path = CFMainViewPresentable.swift; sourceTree = "<group>"; };
		06D065EE23329C5800CDFDA4 /* CFBaseNetworkService.swift */ = {isa = PBXFileReference; lastKnownFileType = sourcecode.swift; path = CFBaseNetworkService.swift; sourceTree = "<group>"; };
		06D065F02332ACAF00CDFDA4 /* CarDetails.swift */ = {isa = PBXFileReference; lastKnownFileType = sourcecode.swift; path = CarDetails.swift; sourceTree = "<group>"; };
		06D065F22332B24900CDFDA4 /* GetCarsListService.swift */ = {isa = PBXFileReference; lastKnownFileType = sourcecode.swift; path = GetCarsListService.swift; sourceTree = "<group>"; };
		06D065F42332B27300CDFDA4 /* CFServiceDispatcher.swift */ = {isa = PBXFileReference; lastKnownFileType = sourcecode.swift; path = CFServiceDispatcher.swift; sourceTree = "<group>"; };
		06D065FC2332B3D800CDFDA4 /* ArrayExtension.swift */ = {isa = PBXFileReference; lastKnownFileType = sourcecode.swift; path = ArrayExtension.swift; sourceTree = "<group>"; };
		06D065FE2332BAE900CDFDA4 /* CarDetailsTableViewCellViewModel.swift */ = {isa = PBXFileReference; lastKnownFileType = sourcecode.swift; path = CarDetailsTableViewCellViewModel.swift; sourceTree = "<group>"; };
		06D066002332BBFD00CDFDA4 /* AlertPresentable.swift */ = {isa = PBXFileReference; lastKnownFileType = sourcecode.swift; path = AlertPresentable.swift; sourceTree = "<group>"; };
		06D066022332C45500CDFDA4 /* LoadingAnimationPresentable.swift */ = {isa = PBXFileReference; lastKnownFileType = sourcecode.swift; path = LoadingAnimationPresentable.swift; sourceTree = "<group>"; };
		06D066042332E61800CDFDA4 /* StringExtension.swift */ = {isa = PBXFileReference; lastKnownFileType = sourcecode.swift; path = StringExtension.swift; sourceTree = "<group>"; };
		06FE1A1B2332F1A1004EB082 /* CallPhoneNumberPresentable.swift */ = {isa = PBXFileReference; lastKnownFileType = sourcecode.swift; path = CallPhoneNumberPresentable.swift; sourceTree = "<group>"; };
		06FE1A1D23330105004EB082 /* Assets.xcassets */ = {isa = PBXFileReference; lastKnownFileType = folder.assetcatalog; path = Assets.xcassets; sourceTree = "<group>"; };
		19FDCEED92D804AAB54DDBE4 /* Pods-CFTestUITests.debug.xcconfig */ = {isa = PBXFileReference; includeInIndex = 1; lastKnownFileType = text.xcconfig; name = "Pods-CFTestUITests.debug.xcconfig"; path = "Pods/Target Support Files/Pods-CFTestUITests/Pods-CFTestUITests.debug.xcconfig"; sourceTree = "<group>"; };
		2E398DB0ECE39157D1517BE7 /* Pods-CFTestTests.release.xcconfig */ = {isa = PBXFileReference; includeInIndex = 1; lastKnownFileType = text.xcconfig; name = "Pods-CFTestTests.release.xcconfig"; path = "Pods/Target Support Files/Pods-CFTestTests/Pods-CFTestTests.release.xcconfig"; sourceTree = "<group>"; };
		51460ACEE9424502B185E5AC /* Pods_CFTestTests.framework */ = {isa = PBXFileReference; explicitFileType = wrapper.framework; includeInIndex = 0; path = Pods_CFTestTests.framework; sourceTree = BUILT_PRODUCTS_DIR; };
		8162A7E3BA3AC2D5B8653F12 /* Pods-CFTest.release.xcconfig */ = {isa = PBXFileReference; includeInIndex = 1; lastKnownFileType = text.xcconfig; name = "Pods-CFTest.release.xcconfig"; path = "Pods/Target Support Files/Pods-CFTest/Pods-CFTest.release.xcconfig"; sourceTree = "<group>"; };
		976F6C21EF40C778546FC48C /* Pods-CFTestUITests.release.xcconfig */ = {isa = PBXFileReference; includeInIndex = 1; lastKnownFileType = text.xcconfig; name = "Pods-CFTestUITests.release.xcconfig"; path = "Pods/Target Support Files/Pods-CFTestUITests/Pods-CFTestUITests.release.xcconfig"; sourceTree = "<group>"; };
		A628A8F4B6A557EF40E2414B /* Pods-CFTestTests.debug.xcconfig */ = {isa = PBXFileReference; includeInIndex = 1; lastKnownFileType = text.xcconfig; name = "Pods-CFTestTests.debug.xcconfig"; path = "Pods/Target Support Files/Pods-CFTestTests/Pods-CFTestTests.debug.xcconfig"; sourceTree = "<group>"; };
		C0EAFA2C9CA49CA5EFF318F7 /* Pods_CFTestUITests.framework */ = {isa = PBXFileReference; explicitFileType = wrapper.framework; includeInIndex = 0; path = Pods_CFTestUITests.framework; sourceTree = BUILT_PRODUCTS_DIR; };
		C126D09178F24961A89CEFCB /* Pods_CFTest.framework */ = {isa = PBXFileReference; explicitFileType = wrapper.framework; includeInIndex = 0; path = Pods_CFTest.framework; sourceTree = BUILT_PRODUCTS_DIR; };
		C3962BD1E39A696A0020AC92 /* Pods-CFTest.debug.xcconfig */ = {isa = PBXFileReference; includeInIndex = 1; lastKnownFileType = text.xcconfig; name = "Pods-CFTest.debug.xcconfig"; path = "Pods/Target Support Files/Pods-CFTest/Pods-CFTest.debug.xcconfig"; sourceTree = "<group>"; };
/* End PBXFileReference section */

/* Begin PBXFrameworksBuildPhase section */
		06D065A82332719A00CDFDA4 /* Frameworks */ = {
			isa = PBXFrameworksBuildPhase;
			buildActionMask = 2147483647;
			files = (
				7F1BDAF3294E15C676274174 /* Pods_CFTest.framework in Frameworks */,
			);
			runOnlyForDeploymentPostprocessing = 0;
		};
		06D065BC2332719B00CDFDA4 /* Frameworks */ = {
			isa = PBXFrameworksBuildPhase;
			buildActionMask = 2147483647;
			files = (
				FB31A6DD3C54D55D2D4A20B8 /* Pods_CFTestTests.framework in Frameworks */,
			);
			runOnlyForDeploymentPostprocessing = 0;
		};
		06D065C72332719B00CDFDA4 /* Frameworks */ = {
			isa = PBXFrameworksBuildPhase;
			buildActionMask = 2147483647;
			files = (
				5FE189791A9A9120FFE3083E /* Pods_CFTestUITests.framework in Frameworks */,
			);
			runOnlyForDeploymentPostprocessing = 0;
		};
/* End PBXFrameworksBuildPhase section */

/* Begin PBXGroup section */
		06D065A22332719A00CDFDA4 = {
			isa = PBXGroup;
			children = (
				06D065AD2332719A00CDFDA4 /* CFTest */,
				06D065C22332719B00CDFDA4 /* CFTestTests */,
				06D065CD2332719B00CDFDA4 /* CFTestUITests */,
				06D065AC2332719A00CDFDA4 /* Products */,
				348AF29AEC4E65AF5E19AD1D /* Pods */,
				5D8C23A7EC0DC02339203437 /* Frameworks */,
			);
			sourceTree = "<group>";
		};
		06D065AC2332719A00CDFDA4 /* Products */ = {
			isa = PBXGroup;
			children = (
				06D065AB2332719A00CDFDA4 /* CFTest.app */,
				06D065BF2332719B00CDFDA4 /* CFTestTests.xctest */,
				06D065CA2332719B00CDFDA4 /* CFTestUITests.xctest */,
			);
			name = Products;
			sourceTree = "<group>";
		};
		06D065AD2332719A00CDFDA4 /* CFTest */ = {
			isa = PBXGroup;
			children = (
				06D065BA2332719B00CDFDA4 /* Info.plist */,
				06D065FB2332B3C000CDFDA4 /* Common */,
				06D065FA2332B34600CDFDA4 /* Model */,
				06D065F92332B32B00CDFDA4 /* AppBaseFiles */,
				06D065F82332B2F800CDFDA4 /* ViewModel */,
				06D065F72332B2EB00CDFDA4 /* Controller */,
				06D065F62332B2C600CDFDA4 /* View */,
				06D065ED23329C1C00CDFDA4 /* NetworkService */,
				06D065E8233296BC00CDFDA4 /* FlowCoordinator */,
			);
			path = CFTest;
			sourceTree = "<group>";
		};
		06D065C22332719B00CDFDA4 /* CFTestTests */ = {
			isa = PBXGroup;
			children = (
				06D065C32332719B00CDFDA4 /* CFTestTests.swift */,
				06D065C52332719B00CDFDA4 /* Info.plist */,
			);
			path = CFTestTests;
			sourceTree = "<group>";
		};
		06D065CD2332719B00CDFDA4 /* CFTestUITests */ = {
			isa = PBXGroup;
			children = (
				06D065CE2332719B00CDFDA4 /* CFTestUITests.swift */,
				06D065D02332719B00CDFDA4 /* Info.plist */,
			);
			path = CFTestUITests;
			sourceTree = "<group>";
		};
		06D065E8233296BC00CDFDA4 /* FlowCoordinator */ = {
			isa = PBXGroup;
			children = (
				06D065E9233296D900CDFDA4 /* CFMainFlowDelegate.swift */,
				06D065EB2332970200CDFDA4 /* CFMainViewPresentable.swift */,
			);
			path = FlowCoordinator;
			sourceTree = "<group>";
		};
		06D065ED23329C1C00CDFDA4 /* NetworkService */ = {
			isa = PBXGroup;
			children = (
				06D065EE23329C5800CDFDA4 /* CFBaseNetworkService.swift */,
				06D065F42332B27300CDFDA4 /* CFServiceDispatcher.swift */,
				06D065F22332B24900CDFDA4 /* GetCarsListService.swift */,
			);
			path = NetworkService;
			sourceTree = "<group>";
		};
		06D065F62332B2C600CDFDA4 /* View */ = {
			isa = PBXGroup;
			children = (
				06D065E223327F7100CDFDA4 /* CarDetailsTableViewCell.swift */,
				06D065E323327F7100CDFDA4 /* CarDetailsTableViewCell.xib */,
			);
			path = View;
			sourceTree = "<group>";
		};
		06D065F72332B2EB00CDFDA4 /* Controller */ = {
			isa = PBXGroup;
			children = (
				06D065B02332719A00CDFDA4 /* CFMainViewController.swift */,
			);
			path = Controller;
			sourceTree = "<group>";
		};
		06D065F82332B2F800CDFDA4 /* ViewModel */ = {
			isa = PBXGroup;
			children = (
				06D065E6233284BB00CDFDA4 /* CFMainViewModel.swift */,
				06D065FE2332BAE900CDFDA4 /* CarDetailsTableViewCellViewModel.swift */,
			);
			path = ViewModel;
			sourceTree = "<group>";
		};
		06D065F92332B32B00CDFDA4 /* AppBaseFiles */ = {
			isa = PBXGroup;
			children = (
				06D065AE2332719A00CDFDA4 /* AppDelegate.swift */,
				06D065B22332719A00CDFDA4 /* Main.storyboard */,
				06D065B72332719B00CDFDA4 /* LaunchScreen.storyboard */,
				06FE1A1D23330105004EB082 /* Assets.xcassets */,
			);
			path = AppBaseFiles;
			sourceTree = "<group>";
		};
		06D065FA2332B34600CDFDA4 /* Model */ = {
			isa = PBXGroup;
			children = (
				06D065F02332ACAF00CDFDA4 /* CarDetails.swift */,
			);
			path = Model;
			sourceTree = "<group>";
		};
		06D065FB2332B3C000CDFDA4 /* Common */ = {
			isa = PBXGroup;
			children = (
				06D065FC2332B3D800CDFDA4 /* ArrayExtension.swift */,
				06D066002332BBFD00CDFDA4 /* AlertPresentable.swift */,
				06D066022332C45500CDFDA4 /* LoadingAnimationPresentable.swift */,
				06D066042332E61800CDFDA4 /* StringExtension.swift */,
				06FE1A1B2332F1A1004EB082 /* CallPhoneNumberPresentable.swift */,
			);
			path = Common;
			sourceTree = "<group>";
		};
		348AF29AEC4E65AF5E19AD1D /* Pods */ = {
			isa = PBXGroup;
			children = (
				C3962BD1E39A696A0020AC92 /* Pods-CFTest.debug.xcconfig */,
				8162A7E3BA3AC2D5B8653F12 /* Pods-CFTest.release.xcconfig */,
				A628A8F4B6A557EF40E2414B /* Pods-CFTestTests.debug.xcconfig */,
				2E398DB0ECE39157D1517BE7 /* Pods-CFTestTests.release.xcconfig */,
				19FDCEED92D804AAB54DDBE4 /* Pods-CFTestUITests.debug.xcconfig */,
				976F6C21EF40C778546FC48C /* Pods-CFTestUITests.release.xcconfig */,
			);
			name = Pods;
			sourceTree = "<group>";
		};
		5D8C23A7EC0DC02339203437 /* Frameworks */ = {
			isa = PBXGroup;
			children = (
				C126D09178F24961A89CEFCB /* Pods_CFTest.framework */,
				51460ACEE9424502B185E5AC /* Pods_CFTestTests.framework */,
				C0EAFA2C9CA49CA5EFF318F7 /* Pods_CFTestUITests.framework */,
			);
			name = Frameworks;
			sourceTree = "<group>";
		};
/* End PBXGroup section */

/* Begin PBXNativeTarget section */
		06D065AA2332719A00CDFDA4 /* CFTest */ = {
			isa = PBXNativeTarget;
			buildConfigurationList = 06D065D32332719B00CDFDA4 /* Build configuration list for PBXNativeTarget "CFTest" */;
			buildPhases = (
				23C318115FC129C6A26931CA /* [CP] Check Pods Manifest.lock */,
				06D065A72332719A00CDFDA4 /* Sources */,
				06D065A82332719A00CDFDA4 /* Frameworks */,
				06D065A92332719A00CDFDA4 /* Resources */,
				95226404177984560060BE6A /* [CP] Embed Pods Frameworks */,
			);
			buildRules = (
			);
			dependencies = (
			);
			name = CFTest;
			productName = CFTest;
			productReference = 06D065AB2332719A00CDFDA4 /* CFTest.app */;
			productType = "com.apple.product-type.application";
		};
		06D065BE2332719B00CDFDA4 /* CFTestTests */ = {
			isa = PBXNativeTarget;
			buildConfigurationList = 06D065D62332719B00CDFDA4 /* Build configuration list for PBXNativeTarget "CFTestTests" */;
			buildPhases = (
				F3A2289A7BFBF747025C55D5 /* [CP] Check Pods Manifest.lock */,
				06D065BB2332719B00CDFDA4 /* Sources */,
				06D065BC2332719B00CDFDA4 /* Frameworks */,
				06D065BD2332719B00CDFDA4 /* Resources */,
			);
			buildRules = (
			);
			dependencies = (
				06D065C12332719B00CDFDA4 /* PBXTargetDependency */,
			);
			name = CFTestTests;
			productName = CFTestTests;
			productReference = 06D065BF2332719B00CDFDA4 /* CFTestTests.xctest */;
			productType = "com.apple.product-type.bundle.unit-test";
		};
		06D065C92332719B00CDFDA4 /* CFTestUITests */ = {
			isa = PBXNativeTarget;
			buildConfigurationList = 06D065D92332719B00CDFDA4 /* Build configuration list for PBXNativeTarget "CFTestUITests" */;
			buildPhases = (
				B99D51B6FB4195758D8C0D0F /* [CP] Check Pods Manifest.lock */,
				06D065C62332719B00CDFDA4 /* Sources */,
				06D065C72332719B00CDFDA4 /* Frameworks */,
				06D065C82332719B00CDFDA4 /* Resources */,
			);
			buildRules = (
			);
			dependencies = (
				06D065CC2332719B00CDFDA4 /* PBXTargetDependency */,
			);
			name = CFTestUITests;
			productName = CFTestUITests;
			productReference = 06D065CA2332719B00CDFDA4 /* CFTestUITests.xctest */;
			productType = "com.apple.product-type.bundle.ui-testing";
		};
/* End PBXNativeTarget section */

/* Begin PBXProject section */
		06D065A32332719A00CDFDA4 /* Project object */ = {
			isa = PBXProject;
			attributes = {
				LastSwiftUpdateCheck = 1030;
				LastUpgradeCheck = 1030;
				ORGANIZATIONNAME = sk;
				TargetAttributes = {
					06D065AA2332719A00CDFDA4 = {
						CreatedOnToolsVersion = 10.3;
					};
					06D065BE2332719B00CDFDA4 = {
						CreatedOnToolsVersion = 10.3;
						TestTargetID = 06D065AA2332719A00CDFDA4;
					};
					06D065C92332719B00CDFDA4 = {
						CreatedOnToolsVersion = 10.3;
						TestTargetID = 06D065AA2332719A00CDFDA4;
					};
				};
			};
			buildConfigurationList = 06D065A62332719A00CDFDA4 /* Build configuration list for PBXProject "CFTest" */;
			compatibilityVersion = "Xcode 9.3";
			developmentRegion = en;
			hasScannedForEncodings = 0;
			knownRegions = (
				en,
				Base,
			);
			mainGroup = 06D065A22332719A00CDFDA4;
			productRefGroup = 06D065AC2332719A00CDFDA4 /* Products */;
			projectDirPath = "";
			projectRoot = "";
			targets = (
				06D065AA2332719A00CDFDA4 /* CFTest */,
				06D065BE2332719B00CDFDA4 /* CFTestTests */,
				06D065C92332719B00CDFDA4 /* CFTestUITests */,
			);
		};
/* End PBXProject section */

/* Begin PBXResourcesBuildPhase section */
		06D065A92332719A00CDFDA4 /* Resources */ = {
			isa = PBXResourcesBuildPhase;
			buildActionMask = 2147483647;
			files = (
				06D065B92332719B00CDFDA4 /* LaunchScreen.storyboard in Resources */,
				06D065B42332719A00CDFDA4 /* Main.storyboard in Resources */,
				06FE1A1E23330105004EB082 /* Assets.xcassets in Resources */,
				06D065E523327F7100CDFDA4 /* CarDetailsTableViewCell.xib in Resources */,
			);
			runOnlyForDeploymentPostprocessing = 0;
		};
		06D065BD2332719B00CDFDA4 /* Resources */ = {
			isa = PBXResourcesBuildPhase;
			buildActionMask = 2147483647;
			files = (
			);
			runOnlyForDeploymentPostprocessing = 0;
		};
		06D065C82332719B00CDFDA4 /* Resources */ = {
			isa = PBXResourcesBuildPhase;
			buildActionMask = 2147483647;
			files = (
			);
			runOnlyForDeploymentPostprocessing = 0;
		};
/* End PBXResourcesBuildPhase section */

/* Begin PBXShellScriptBuildPhase section */
		23C318115FC129C6A26931CA /* [CP] Check Pods Manifest.lock */ = {
			isa = PBXShellScriptBuildPhase;
			buildActionMask = 2147483647;
			files = (
			);
			inputPaths = (
				"${PODS_PODFILE_DIR_PATH}/Podfile.lock",
				"${PODS_ROOT}/Manifest.lock",
			);
			name = "[CP] Check Pods Manifest.lock";
			outputPaths = (
				"$(DERIVED_FILE_DIR)/Pods-CFTest-checkManifestLockResult.txt",
			);
			runOnlyForDeploymentPostprocessing = 0;
			shellPath = /bin/sh;
			shellScript = "diff \"${PODS_PODFILE_DIR_PATH}/Podfile.lock\" \"${PODS_ROOT}/Manifest.lock\" > /dev/null\nif [ $? != 0 ] ; then\n    # print error to STDERR\n    echo \"error: The sandbox is not in sync with the Podfile.lock. Run 'pod install' or update your CocoaPods installation.\" >&2\n    exit 1\nfi\n# This output is used by Xcode 'outputs' to avoid re-running this script phase.\necho \"SUCCESS\" > \"${SCRIPT_OUTPUT_FILE_0}\"\n";
			showEnvVarsInLog = 0;
		};
		95226404177984560060BE6A /* [CP] Embed Pods Frameworks */ = {
			isa = PBXShellScriptBuildPhase;
			buildActionMask = 2147483647;
			files = (
			);
			inputPaths = (
				"${SRCROOT}/Pods/Target Support Files/Pods-CFTest/Pods-CFTest-frameworks.sh",
				"${BUILT_PRODUCTS_DIR}/Kingfisher/Kingfisher.framework",
			);
			name = "[CP] Embed Pods Frameworks";
			outputPaths = (
				"${TARGET_BUILD_DIR}/${FRAMEWORKS_FOLDER_PATH}/Kingfisher.framework",
			);
			runOnlyForDeploymentPostprocessing = 0;
			shellPath = /bin/sh;
			shellScript = "\"${SRCROOT}/Pods/Target Support Files/Pods-CFTest/Pods-CFTest-frameworks.sh\"\n";
			showEnvVarsInLog = 0;
		};
		B99D51B6FB4195758D8C0D0F /* [CP] Check Pods Manifest.lock */ = {
			isa = PBXShellScriptBuildPhase;
			buildActionMask = 2147483647;
			files = (
			);
			inputPaths = (
				"${PODS_PODFILE_DIR_PATH}/Podfile.lock",
				"${PODS_ROOT}/Manifest.lock",
			);
			name = "[CP] Check Pods Manifest.lock";
			outputPaths = (
				"$(DERIVED_FILE_DIR)/Pods-CFTestUITests-checkManifestLockResult.txt",
			);
			runOnlyForDeploymentPostprocessing = 0;
			shellPath = /bin/sh;
			shellScript = "diff \"${PODS_PODFILE_DIR_PATH}/Podfile.lock\" \"${PODS_ROOT}/Manifest.lock\" > /dev/null\nif [ $? != 0 ] ; then\n    # print error to STDERR\n    echo \"error: The sandbox is not in sync with the Podfile.lock. Run 'pod install' or update your CocoaPods installation.\" >&2\n    exit 1\nfi\n# This output is used by Xcode 'outputs' to avoid re-running this script phase.\necho \"SUCCESS\" > \"${SCRIPT_OUTPUT_FILE_0}\"\n";
			showEnvVarsInLog = 0;
		};
		F3A2289A7BFBF747025C55D5 /* [CP] Check Pods Manifest.lock */ = {
			isa = PBXShellScriptBuildPhase;
			buildActionMask = 2147483647;
			files = (
			);
			inputPaths = (
				"${PODS_PODFILE_DIR_PATH}/Podfile.lock",
				"${PODS_ROOT}/Manifest.lock",
			);
			name = "[CP] Check Pods Manifest.lock";
			outputPaths = (
				"$(DERIVED_FILE_DIR)/Pods-CFTestTests-checkManifestLockResult.txt",
			);
			runOnlyForDeploymentPostprocessing = 0;
			shellPath = /bin/sh;
			shellScript = "diff \"${PODS_PODFILE_DIR_PATH}/Podfile.lock\" \"${PODS_ROOT}/Manifest.lock\" > /dev/null\nif [ $? != 0 ] ; then\n    # print error to STDERR\n    echo \"error: The sandbox is not in sync with the Podfile.lock. Run 'pod install' or update your CocoaPods installation.\" >&2\n    exit 1\nfi\n# This output is used by Xcode 'outputs' to avoid re-running this script phase.\necho \"SUCCESS\" > \"${SCRIPT_OUTPUT_FILE_0}\"\n";
			showEnvVarsInLog = 0;
		};
/* End PBXShellScriptBuildPhase section */

/* Begin PBXSourcesBuildPhase section */
		06D065A72332719A00CDFDA4 /* Sources */ = {
			isa = PBXSourcesBuildPhase;
			buildActionMask = 2147483647;
			files = (
				06D065FF2332BAE900CDFDA4 /* CarDetailsTableViewCellViewModel.swift in Sources */,
				06D065EF23329C5800CDFDA4 /* CFBaseNetworkService.swift in Sources */,
				06D066052332E61800CDFDA4 /* StringExtension.swift in Sources */,
				06D065EC2332970200CDFDA4 /* CFMainViewPresentable.swift in Sources */,
				06D065E423327F7100CDFDA4 /* CarDetailsTableViewCell.swift in Sources */,
				06D066012332BBFD00CDFDA4 /* AlertPresentable.swift in Sources */,
				06D065B12332719A00CDFDA4 /* CFMainViewController.swift in Sources */,
				06D065E7233284BB00CDFDA4 /* CFMainViewModel.swift in Sources */,
				06D066032332C45500CDFDA4 /* LoadingAnimationPresentable.swift in Sources */,
				06D065EA233296D900CDFDA4 /* CFMainFlowDelegate.swift in Sources */,
				06D065F32332B24900CDFDA4 /* GetCarsListService.swift in Sources */,
				06D065AF2332719A00CDFDA4 /* AppDelegate.swift in Sources */,
				06D065F12332ACAF00CDFDA4 /* CarDetails.swift in Sources */,
				06D065F52332B27300CDFDA4 /* CFServiceDispatcher.swift in Sources */,
				06FE1A1C2332F1A1004EB082 /* CallPhoneNumberPresentable.swift in Sources */,
				06D065FD2332B3D800CDFDA4 /* ArrayExtension.swift in Sources */,
			);
			runOnlyForDeploymentPostprocessing = 0;
		};
		06D065BB2332719B00CDFDA4 /* Sources */ = {
			isa = PBXSourcesBuildPhase;
			buildActionMask = 2147483647;
			files = (
				06D065C42332719B00CDFDA4 /* CFTestTests.swift in Sources */,
			);
			runOnlyForDeploymentPostprocessing = 0;
		};
		06D065C62332719B00CDFDA4 /* Sources */ = {
			isa = PBXSourcesBuildPhase;
			buildActionMask = 2147483647;
			files = (
				06D065CF2332719B00CDFDA4 /* CFTestUITests.swift in Sources */,
			);
			runOnlyForDeploymentPostprocessing = 0;
		};
/* End PBXSourcesBuildPhase section */

/* Begin PBXTargetDependency section */
		06D065C12332719B00CDFDA4 /* PBXTargetDependency */ = {
			isa = PBXTargetDependency;
			target = 06D065AA2332719A00CDFDA4 /* CFTest */;
			targetProxy = 06D065C02332719B00CDFDA4 /* PBXContainerItemProxy */;
		};
		06D065CC2332719B00CDFDA4 /* PBXTargetDependency */ = {
			isa = PBXTargetDependency;
			target = 06D065AA2332719A00CDFDA4 /* CFTest */;
			targetProxy = 06D065CB2332719B00CDFDA4 /* PBXContainerItemProxy */;
		};
/* End PBXTargetDependency section */

/* Begin PBXVariantGroup section */
		06D065B22332719A00CDFDA4 /* Main.storyboard */ = {
			isa = PBXVariantGroup;
			children = (
				06D065B32332719A00CDFDA4 /* Base */,
			);
			name = Main.storyboard;
			sourceTree = "<group>";
		};
		06D065B72332719B00CDFDA4 /* LaunchScreen.storyboard */ = {
			isa = PBXVariantGroup;
			children = (
				06D065B82332719B00CDFDA4 /* Base */,
			);
			name = LaunchScreen.storyboard;
			sourceTree = "<group>";
		};
/* End PBXVariantGroup section */

/* Begin XCBuildConfiguration section */
		06D065D12332719B00CDFDA4 /* Debug */ = {
			isa = XCBuildConfiguration;
			buildSettings = {
				ALWAYS_SEARCH_USER_PATHS = NO;
				CLANG_ANALYZER_NONNULL = YES;
				CLANG_ANALYZER_NUMBER_OBJECT_CONVERSION = YES_AGGRESSIVE;
				CLANG_CXX_LANGUAGE_STANDARD = "gnu++14";
				CLANG_CXX_LIBRARY = "libc++";
				CLANG_ENABLE_MODULES = YES;
				CLANG_ENABLE_OBJC_ARC = YES;
				CLANG_ENABLE_OBJC_WEAK = YES;
				CLANG_WARN_BLOCK_CAPTURE_AUTORELEASING = YES;
				CLANG_WARN_BOOL_CONVERSION = YES;
				CLANG_WARN_COMMA = YES;
				CLANG_WARN_CONSTANT_CONVERSION = YES;
				CLANG_WARN_DEPRECATED_OBJC_IMPLEMENTATIONS = YES;
				CLANG_WARN_DIRECT_OBJC_ISA_USAGE = YES_ERROR;
				CLANG_WARN_DOCUMENTATION_COMMENTS = YES;
				CLANG_WARN_EMPTY_BODY = YES;
				CLANG_WARN_ENUM_CONVERSION = YES;
				CLANG_WARN_INFINITE_RECURSION = YES;
				CLANG_WARN_INT_CONVERSION = YES;
				CLANG_WARN_NON_LITERAL_NULL_CONVERSION = YES;
				CLANG_WARN_OBJC_IMPLICIT_RETAIN_SELF = YES;
				CLANG_WARN_OBJC_LITERAL_CONVERSION = YES;
				CLANG_WARN_OBJC_ROOT_CLASS = YES_ERROR;
				CLANG_WARN_RANGE_LOOP_ANALYSIS = YES;
				CLANG_WARN_STRICT_PROTOTYPES = YES;
				CLANG_WARN_SUSPICIOUS_MOVE = YES;
				CLANG_WARN_UNGUARDED_AVAILABILITY = YES_AGGRESSIVE;
				CLANG_WARN_UNREACHABLE_CODE = YES;
				CLANG_WARN__DUPLICATE_METHOD_MATCH = YES;
				CODE_SIGN_IDENTITY = "iPhone Developer";
				COPY_PHASE_STRIP = NO;
				DEBUG_INFORMATION_FORMAT = dwarf;
				ENABLE_STRICT_OBJC_MSGSEND = YES;
				ENABLE_TESTABILITY = YES;
				GCC_C_LANGUAGE_STANDARD = gnu11;
				GCC_DYNAMIC_NO_PIC = NO;
				GCC_NO_COMMON_BLOCKS = YES;
				GCC_OPTIMIZATION_LEVEL = 0;
				GCC_PREPROCESSOR_DEFINITIONS = (
					"DEBUG=1",
					"$(inherited)",
				);
				GCC_WARN_64_TO_32_BIT_CONVERSION = YES;
				GCC_WARN_ABOUT_RETURN_TYPE = YES_ERROR;
				GCC_WARN_UNDECLARED_SELECTOR = YES;
				GCC_WARN_UNINITIALIZED_AUTOS = YES_AGGRESSIVE;
				GCC_WARN_UNUSED_FUNCTION = YES;
				GCC_WARN_UNUSED_VARIABLE = YES;
				IPHONEOS_DEPLOYMENT_TARGET = 12.4;
				MTL_ENABLE_DEBUG_INFO = INCLUDE_SOURCE;
				MTL_FAST_MATH = YES;
				ONLY_ACTIVE_ARCH = YES;
				SDKROOT = iphoneos;
				SWIFT_ACTIVE_COMPILATION_CONDITIONS = DEBUG;
				SWIFT_OPTIMIZATION_LEVEL = "-Onone";
			};
			name = Debug;
		};
		06D065D22332719B00CDFDA4 /* Release */ = {
			isa = XCBuildConfiguration;
			buildSettings = {
				ALWAYS_SEARCH_USER_PATHS = NO;
				CLANG_ANALYZER_NONNULL = YES;
				CLANG_ANALYZER_NUMBER_OBJECT_CONVERSION = YES_AGGRESSIVE;
				CLANG_CXX_LANGUAGE_STANDARD = "gnu++14";
				CLANG_CXX_LIBRARY = "libc++";
				CLANG_ENABLE_MODULES = YES;
				CLANG_ENABLE_OBJC_ARC = YES;
				CLANG_ENABLE_OBJC_WEAK = YES;
				CLANG_WARN_BLOCK_CAPTURE_AUTORELEASING = YES;
				CLANG_WARN_BOOL_CONVERSION = YES;
				CLANG_WARN_COMMA = YES;
				CLANG_WARN_CONSTANT_CONVERSION = YES;
				CLANG_WARN_DEPRECATED_OBJC_IMPLEMENTATIONS = YES;
				CLANG_WARN_DIRECT_OBJC_ISA_USAGE = YES_ERROR;
				CLANG_WARN_DOCUMENTATION_COMMENTS = YES;
				CLANG_WARN_EMPTY_BODY = YES;
				CLANG_WARN_ENUM_CONVERSION = YES;
				CLANG_WARN_INFINITE_RECURSION = YES;
				CLANG_WARN_INT_CONVERSION = YES;
				CLANG_WARN_NON_LITERAL_NULL_CONVERSION = YES;
				CLANG_WARN_OBJC_IMPLICIT_RETAIN_SELF = YES;
				CLANG_WARN_OBJC_LITERAL_CONVERSION = YES;
				CLANG_WARN_OBJC_ROOT_CLASS = YES_ERROR;
				CLANG_WARN_RANGE_LOOP_ANALYSIS = YES;
				CLANG_WARN_STRICT_PROTOTYPES = YES;
				CLANG_WARN_SUSPICIOUS_MOVE = YES;
				CLANG_WARN_UNGUARDED_AVAILABILITY = YES_AGGRESSIVE;
				CLANG_WARN_UNREACHABLE_CODE = YES;
				CLANG_WARN__DUPLICATE_METHOD_MATCH = YES;
				CODE_SIGN_IDENTITY = "iPhone Developer";
				COPY_PHASE_STRIP = NO;
				DEBUG_INFORMATION_FORMAT = "dwarf-with-dsym";
				ENABLE_NS_ASSERTIONS = NO;
				ENABLE_STRICT_OBJC_MSGSEND = YES;
				GCC_C_LANGUAGE_STANDARD = gnu11;
				GCC_NO_COMMON_BLOCKS = YES;
				GCC_WARN_64_TO_32_BIT_CONVERSION = YES;
				GCC_WARN_ABOUT_RETURN_TYPE = YES_ERROR;
				GCC_WARN_UNDECLARED_SELECTOR = YES;
				GCC_WARN_UNINITIALIZED_AUTOS = YES_AGGRESSIVE;
				GCC_WARN_UNUSED_FUNCTION = YES;
				GCC_WARN_UNUSED_VARIABLE = YES;
				IPHONEOS_DEPLOYMENT_TARGET = 12.4;
				MTL_ENABLE_DEBUG_INFO = NO;
				MTL_FAST_MATH = YES;
				SDKROOT = iphoneos;
				SWIFT_COMPILATION_MODE = wholemodule;
				SWIFT_OPTIMIZATION_LEVEL = "-O";
				VALIDATE_PRODUCT = YES;
			};
			name = Release;
		};
		06D065D42332719B00CDFDA4 /* Debug */ = {
			isa = XCBuildConfiguration;
			baseConfigurationReference = C3962BD1E39A696A0020AC92 /* Pods-CFTest.debug.xcconfig */;
			buildSettings = {
				ASSETCATALOG_COMPILER_APPICON_NAME = AppIcon;
				CODE_SIGN_STYLE = Automatic;
				DEVELOPMENT_TEAM = "";
				INFOPLIST_FILE = CFTest/Info.plist;
				LD_RUNPATH_SEARCH_PATHS = (
					"$(inherited)",
					"@executable_path/Frameworks",
				);
				PRODUCT_BUNDLE_IDENTIFIER = sk.CFTest;
				PRODUCT_NAME = "$(TARGET_NAME)";
				SWIFT_VERSION = 5.0;
				TARGETED_DEVICE_FAMILY = "1,2";
			};
			name = Debug;
		};
		06D065D52332719B00CDFDA4 /* Release */ = {
			isa = XCBuildConfiguration;
			baseConfigurationReference = 8162A7E3BA3AC2D5B8653F12 /* Pods-CFTest.release.xcconfig */;
			buildSettings = {
				ASSETCATALOG_COMPILER_APPICON_NAME = AppIcon;
				CODE_SIGN_STYLE = Automatic;
				DEVELOPMENT_TEAM = "";
				INFOPLIST_FILE = CFTest/Info.plist;
				LD_RUNPATH_SEARCH_PATHS = (
					"$(inherited)",
					"@executable_path/Frameworks",
				);
				PRODUCT_BUNDLE_IDENTIFIER = sk.CFTest;
				PRODUCT_NAME = "$(TARGET_NAME)";
				SWIFT_VERSION = 5.0;
				TARGETED_DEVICE_FAMILY = "1,2";
			};
			name = Release;
		};
		06D065D72332719B00CDFDA4 /* Debug */ = {
			isa = XCBuildConfiguration;
			baseConfigurationReference = A628A8F4B6A557EF40E2414B /* Pods-CFTestTests.debug.xcconfig */;
			buildSettings = {
				ALWAYS_EMBED_SWIFT_STANDARD_LIBRARIES = YES;
				BUNDLE_LOADER = "$(TEST_HOST)";
				CODE_SIGN_STYLE = Automatic;
				INFOPLIST_FILE = CFTestTests/Info.plist;
				LD_RUNPATH_SEARCH_PATHS = (
					"$(inherited)",
					"@executable_path/Frameworks",
					"@loader_path/Frameworks",
				);
				PRODUCT_BUNDLE_IDENTIFIER = sk.CFTestTests;
				PRODUCT_NAME = "$(TARGET_NAME)";
				SWIFT_VERSION = 5.0;
				TARGETED_DEVICE_FAMILY = "1,2";
				TEST_HOST = "$(BUILT_PRODUCTS_DIR)/CFTest.app/CFTest";
			};
			name = Debug;
		};
		06D065D82332719B00CDFDA4 /* Release */ = {
			isa = XCBuildConfiguration;
			baseConfigurationReference = 2E398DB0ECE39157D1517BE7 /* Pods-CFTestTests.release.xcconfig */;
			buildSettings = {
				ALWAYS_EMBED_SWIFT_STANDARD_LIBRARIES = YES;
				BUNDLE_LOADER = "$(TEST_HOST)";
				CODE_SIGN_STYLE = Automatic;
				INFOPLIST_FILE = CFTestTests/Info.plist;
				LD_RUNPATH_SEARCH_PATHS = (
					"$(inherited)",
					"@executable_path/Frameworks",
					"@loader_path/Frameworks",
				);
				PRODUCT_BUNDLE_IDENTIFIER = sk.CFTestTests;
				PRODUCT_NAME = "$(TARGET_NAME)";
				SWIFT_VERSION = 5.0;
				TARGETED_DEVICE_FAMILY = "1,2";
				TEST_HOST = "$(BUILT_PRODUCTS_DIR)/CFTest.app/CFTest";
			};
			name = Release;
		};
		06D065DA2332719B00CDFDA4 /* Debug */ = {
			isa = XCBuildConfiguration;
			baseConfigurationReference = 19FDCEED92D804AAB54DDBE4 /* Pods-CFTestUITests.debug.xcconfig */;
			buildSettings = {
				ALWAYS_EMBED_SWIFT_STANDARD_LIBRARIES = YES;
				CODE_SIGN_STYLE = Automatic;
				INFOPLIST_FILE = CFTestUITests/Info.plist;
				LD_RUNPATH_SEARCH_PATHS = (
					"$(inherited)",
					"@executable_path/Frameworks",
					"@loader_path/Frameworks",
				);
				PRODUCT_BUNDLE_IDENTIFIER = sk.CFTestUITests;
				PRODUCT_NAME = "$(TARGET_NAME)";
				SWIFT_VERSION = 5.0;
				TARGETED_DEVICE_FAMILY = "1,2";
				TEST_TARGET_NAME = CFTest;
			};
			name = Debug;
		};
		06D065DB2332719B00CDFDA4 /* Release */ = {
			isa = XCBuildConfiguration;
			baseConfigurationReference = 976F6C21EF40C778546FC48C /* Pods-CFTestUITests.release.xcconfig */;
			buildSettings = {
				ALWAYS_EMBED_SWIFT_STANDARD_LIBRARIES = YES;
				CODE_SIGN_STYLE = Automatic;
				INFOPLIST_FILE = CFTestUITests/Info.plist;
				LD_RUNPATH_SEARCH_PATHS = (
					"$(inherited)",
					"@executable_path/Frameworks",
					"@loader_path/Frameworks",
				);
				PRODUCT_BUNDLE_IDENTIFIER = sk.CFTestUITests;
				PRODUCT_NAME = "$(TARGET_NAME)";
				SWIFT_VERSION = 5.0;
				TARGETED_DEVICE_FAMILY = "1,2";
				TEST_TARGET_NAME = CFTest;
			};
			name = Release;
		};
/* End XCBuildConfiguration section */

/* Begin XCConfigurationList section */
		06D065A62332719A00CDFDA4 /* Build configuration list for PBXProject "CFTest" */ = {
			isa = XCConfigurationList;
			buildConfigurations = (
				06D065D12332719B00CDFDA4 /* Debug */,
				06D065D22332719B00CDFDA4 /* Release */,
			);
			defaultConfigurationIsVisible = 0;
			defaultConfigurationName = Release;
		};
		06D065D32332719B00CDFDA4 /* Build configuration list for PBXNativeTarget "CFTest" */ = {
			isa = XCConfigurationList;
			buildConfigurations = (
				06D065D42332719B00CDFDA4 /* Debug */,
				06D065D52332719B00CDFDA4 /* Release */,
			);
			defaultConfigurationIsVisible = 0;
			defaultConfigurationName = Release;
		};
		06D065D62332719B00CDFDA4 /* Build configuration list for PBXNativeTarget "CFTestTests" */ = {
			isa = XCConfigurationList;
			buildConfigurations = (
				06D065D72332719B00CDFDA4 /* Debug */,
				06D065D82332719B00CDFDA4 /* Release */,
			);
			defaultConfigurationIsVisible = 0;
			defaultConfigurationName = Release;
		};
		06D065D92332719B00CDFDA4 /* Build configuration list for PBXNativeTarget "CFTestUITests" */ = {
			isa = XCConfigurationList;
			buildConfigurations = (
				06D065DA2332719B00CDFDA4 /* Debug */,
				06D065DB2332719B00CDFDA4 /* Release */,
			);
			defaultConfigurationIsVisible = 0;
			defaultConfigurationName = Release;
		};
/* End XCConfigurationList section */
	};
	rootObject = 06D065A32332719A00CDFDA4 /* Project object */;
}
